
Microsoft Visual Studio Solution File, Format Version 12.00
# Visual Studio Version 17
VisualStudioVersion = 17.9.34728.123
MinimumVisualStudioVersion = 10.0.40219.1
Project("{FAE04EC0-301F-11D3-BF4B-00C04F79EFBC}") = "1.1.16", "1.1.16.csproj", "{6E000237-70C3-43A1-8007-5FB03EC8FAB0}"
EndProject
Global
	GlobalSection(SolutionConfigurationPlatforms) = preSolution
		Debug|Any CPU = Debug|Any CPU
		Release|Any CPU = Release|Any CPU
	EndGlobalSection
	GlobalSection(ProjectConfigurationPlatforms) = postSolution
		{6E000237-70C3-43A1-8007-5FB03EC8FAB0}.Debug|Any CPU.ActiveCfg = Debug|Any CPU
		{6E000237-70C3-43A1-8007-5FB03EC8FAB0}.Debug|Any CPU.Build.0 = Debug|Any CPU
		{6E000237-70C3-43A1-8007-5FB03EC8FAB0}.Release|Any CPU.ActiveCfg = Release|Any CPU
		{6E000237-70C3-43A1-8007-5FB03EC8FAB0}.Release|Any CPU.Build.0 = Release|Any CPU
	EndGlobalSection
	GlobalSection(SolutionProperties) = preSolution
		HideSolutionNode = FALSE
	EndGlobalSection
	GlobalSection(ExtensibilityGlobals) = postSolution
		SolutionGuid = {D36DFF37-CED8-4771-844F-8554A0183AB2}
	EndGlobalSection
EndGlobal
