
Microsoft Visual Studio Solution File, Format Version 12.00
# Visual Studio Version 17
VisualStudioVersion = 17.9.34728.123
MinimumVisualStudioVersion = 10.0.40219.1
Project("{9A19103F-16F7-4668-BE54-9A1E7A4F7556}") = "FilmRentalApp", "FilmRentalApp.csproj", "{0187E5E0-BD57-4E07-98EE-A5BB0CFFC8B9}"
EndProject
Project("{54435603-DBB4-11D2-8724-00A0C9A8B90C}") = "Setup1", "Setup1\Setup1.vdproj", "{B4035449-E68A-4F3E-B780-0598458A33D4}"
EndProject
Global
	GlobalSection(SolutionConfigurationPlatforms) = preSolution
		Debug|Any CPU = Debug|Any CPU
		Release|Any CPU = Release|Any CPU
	EndGlobalSection
	GlobalSection(ProjectConfigurationPlatforms) = postSolution
		{0187E5E0-BD57-4E07-98EE-A5BB0CFFC8B9}.Debug|Any CPU.ActiveCfg = Debug|Any CPU
		{0187E5E0-BD57-4E07-98EE-A5BB0CFFC8B9}.Debug|Any CPU.Build.0 = Debug|Any CPU
		{0187E5E0-BD57-4E07-98EE-A5BB0CFFC8B9}.Release|Any CPU.ActiveCfg = Release|Any CPU
		{0187E5E0-BD57-4E07-98EE-A5BB0CFFC8B9}.Release|Any CPU.Build.0 = Release|Any CPU
		{B4035449-E68A-4F3E-B780-0598458A33D4}.Debug|Any CPU.ActiveCfg = Debug
		{B4035449-E68A-4F3E-B780-0598458A33D4}.Release|Any CPU.ActiveCfg = Release
	EndGlobalSection
	GlobalSection(SolutionProperties) = preSolution
		HideSolutionNode = FALSE
	EndGlobalSection
	GlobalSection(ExtensibilityGlobals) = postSolution
		SolutionGuid = {34D3D83A-7143-42BA-9A56-9F15F25311BB}
	EndGlobalSection
EndGlobal
